
Microsoft Visual Studio Solution File, Format Version 12.00
# Visual Studio 15
VisualStudioVersion = 15.0.28307.421
MinimumVisualStudioVersion = 10.0.40219.1
Project("{FAE04EC0-301F-11D3-BF4B-00C04F79EFBC}") = "CET322_HW2", "CET322_HW2\CET322_HW2.csproj", "{C5278433-7D9A-4BAE-92AC-879F62563E69}"
EndProject
Global
	GlobalSection(SolutionConfigurationPlatforms) = preSolution
		Debug|Any CPU = Debug|Any CPU
		Release|Any CPU = Release|Any CPU
	EndGlobalSection
	GlobalSection(ProjectConfigurationPlatforms) = postSolution
		{C5278433-7D9A-4BAE-92AC-879F62563E69}.Debug|Any CPU.ActiveCfg = Debug|Any CPU
		{C5278433-7D9A-4BAE-92AC-879F62563E69}.Debug|Any CPU.Build.0 = Debug|Any CPU
		{C5278433-7D9A-4BAE-92AC-879F62563E69}.Release|Any CPU.ActiveCfg = Release|Any CPU
		{C5278433-7D9A-4BAE-92AC-879F62563E69}.Release|Any CPU.Build.0 = Release|Any CPU
	EndGlobalSection
	GlobalSection(SolutionProperties) = preSolution
		HideSolutionNode = FALSE
	EndGlobalSection
	GlobalSection(ExtensibilityGlobals) = postSolution
		SolutionGuid = {8500D8DD-7769-40AF-83FE-AD8B429B031D}
	EndGlobalSection
EndGlobal
